
Microsoft Visual Studio Solution File, Format Version 12.00
# Visual Studio Version 17
VisualStudioVersion = 17.9.34616.47
MinimumVisualStudioVersion = 10.0.40219.1
Project("{9A19103F-16F7-4668-BE54-9A1E7A4F7556}") = "Business", "Business\Business.csproj", "{1717B337-D425-40CD-986E-79DE50970A3E}"
EndProject
Project("{9A19103F-16F7-4668-BE54-9A1E7A4F7556}") = "DataAccess", "DataAccess\DataAccess.csproj", "{9C69A00D-314E-4545-9C73-97BEF92416C0}"
EndProject
Project("{9A19103F-16F7-4668-BE54-9A1E7A4F7556}") = "Entities", "Entity\Entities.csproj", "{DD61A313-D957-4C23-8DF4-E0415B0975AA}"
EndProject
Project("{9A19103F-16F7-4668-BE54-9A1E7A4F7556}") = "ConsoleUI", "ConsoleUI\ConsoleUI.csproj", "{B0B47ABF-3BD5-4567-82E2-B71DD8CF13A1}"
EndProject
Project("{FAE04EC0-301F-11D3-BF4B-00C04F79EFBC}") = "Core", "Core\Core.csproj", "{342B08D3-2671-4A76-BA2B-542D9BF3ABBC}"
EndProject
Global
	GlobalSection(SolutionConfigurationPlatforms) = preSolution
		Debug|Any CPU = Debug|Any CPU
		Release|Any CPU = Release|Any CPU
	EndGlobalSection
	GlobalSection(ProjectConfigurationPlatforms) = postSolution
		{1717B337-D425-40CD-986E-79DE50970A3E}.Debug|Any CPU.ActiveCfg = Debug|Any CPU
		{1717B337-D425-40CD-986E-79DE50970A3E}.Debug|Any CPU.Build.0 = Debug|Any CPU
		{1717B337-D425-40CD-986E-79DE50970A3E}.Release|Any CPU.ActiveCfg = Release|Any CPU
		{1717B337-D425-40CD-986E-79DE50970A3E}.Release|Any CPU.Build.0 = Release|Any CPU
		{9C69A00D-314E-4545-9C73-97BEF92416C0}.Debug|Any CPU.ActiveCfg = Debug|Any CPU
		{9C69A00D-314E-4545-9C73-97BEF92416C0}.Debug|Any CPU.Build.0 = Debug|Any CPU
		{9C69A00D-314E-4545-9C73-97BEF92416C0}.Release|Any CPU.ActiveCfg = Release|Any CPU
		{9C69A00D-314E-4545-9C73-97BEF92416C0}.Release|Any CPU.Build.0 = Release|Any CPU
		{DD61A313-D957-4C23-8DF4-E0415B0975AA}.Debug|Any CPU.ActiveCfg = Debug|Any CPU
		{DD61A313-D957-4C23-8DF4-E0415B0975AA}.Debug|Any CPU.Build.0 = Debug|Any CPU
		{DD61A313-D957-4C23-8DF4-E0415B0975AA}.Release|Any CPU.ActiveCfg = Release|Any CPU
		{DD61A313-D957-4C23-8DF4-E0415B0975AA}.Release|Any CPU.Build.0 = Release|Any CPU
		{B0B47ABF-3BD5-4567-82E2-B71DD8CF13A1}.Debug|Any CPU.ActiveCfg = Debug|Any CPU
		{B0B47ABF-3BD5-4567-82E2-B71DD8CF13A1}.Debug|Any CPU.Build.0 = Debug|Any CPU
		{B0B47ABF-3BD5-4567-82E2-B71DD8CF13A1}.Release|Any CPU.ActiveCfg = Release|Any CPU
		{B0B47ABF-3BD5-4567-82E2-B71DD8CF13A1}.Release|Any CPU.Build.0 = Release|Any CPU
		{342B08D3-2671-4A76-BA2B-542D9BF3ABBC}.Debug|Any CPU.ActiveCfg = Debug|Any CPU
		{342B08D3-2671-4A76-BA2B-542D9BF3ABBC}.Debug|Any CPU.Build.0 = Debug|Any CPU
		{342B08D3-2671-4A76-BA2B-542D9BF3ABBC}.Release|Any CPU.ActiveCfg = Release|Any CPU
		{342B08D3-2671-4A76-BA2B-542D9BF3ABBC}.Release|Any CPU.Build.0 = Release|Any CPU
	EndGlobalSection
	GlobalSection(SolutionProperties) = preSolution
		HideSolutionNode = FALSE
	EndGlobalSection
	GlobalSection(ExtensibilityGlobals) = postSolution
		SolutionGuid = {8269D816-F0DB-497B-B5EE-861DB06E0E4C}
	EndGlobalSection
EndGlobal
